
Microsoft Visual Studio Solution File, Format Version 12.00
# Visual Studio 15
VisualStudioVersion = 15.0.28307.539
MinimumVisualStudioVersion = 10.0.40219.1
Project("{FAE04EC0-301F-11D3-BF4B-00C04F79EFBC}") = "SalesWebMvc", "SalesWebMvc\SalesWebMvc.csproj", "{A168BFA4-4FA5-420A-838C-07DA70D74157}"
EndProject
Global
	GlobalSection(SolutionConfigurationPlatforms) = preSolution
		Debug|Any CPU = Debug|Any CPU
		Release|Any CPU = Release|Any CPU
	EndGlobalSection
	GlobalSection(ProjectConfigurationPlatforms) = postSolution
		{A168BFA4-4FA5-420A-838C-07DA70D74157}.Debug|Any CPU.ActiveCfg = Debug|Any CPU
		{A168BFA4-4FA5-420A-838C-07DA70D74157}.Debug|Any CPU.Build.0 = Debug|Any CPU
		{A168BFA4-4FA5-420A-838C-07DA70D74157}.Release|Any CPU.ActiveCfg = Release|Any CPU
		{A168BFA4-4FA5-420A-838C-07DA70D74157}.Release|Any CPU.Build.0 = Release|Any CPU
	EndGlobalSection
	GlobalSection(SolutionProperties) = preSolution
		HideSolutionNode = FALSE
	EndGlobalSection
	GlobalSection(ExtensibilityGlobals) = postSolution
		SolutionGuid = {AF832661-4824-4EC8-9269-27B918318606}
	EndGlobalSection
EndGlobal
